// !$*UTF8*$!
{
	archiveVersion = 1;
	classes = {
	};
	objectVersion = 48;
	objects = {

/* Begin PBXBuildFile section */
		9BC6793B2052172000000C60 /* AppDelegate.swift in Sources */ = {isa = PBXBuildFile; fileRef = 9BC6793A2052172000000C60 /* AppDelegate.swift */; };
		9BC679402052172000000C60 /* Main.storyboard in Resources */ = {isa = PBXBuildFile; fileRef = 9BC6793E2052172000000C60 /* Main.storyboard */; };
		9BC679422052172000000C60 /* Assets.xcassets in Resources */ = {isa = PBXBuildFile; fileRef = 9BC679412052172000000C60 /* Assets.xcassets */; };
		9BC679452052172000000C60 /* LaunchScreen.storyboard in Resources */ = {isa = PBXBuildFile; fileRef = 9BC679432052172000000C60 /* LaunchScreen.storyboard */; };
		9BC679502052172000000C60 /* WorldTroterTests.swift in Sources */ = {isa = PBXBuildFile; fileRef = 9BC6794F2052172000000C60 /* WorldTroterTests.swift */; };
		9BC6795B2052172000000C60 /* WorldTroterUITests.swift in Sources */ = {isa = PBXBuildFile; fileRef = 9BC6795A2052172000000C60 /* WorldTroterUITests.swift */; };
		9BD6C68E205B12F100E1DEAA /* ConversionViewController.swift in Sources */ = {isa = PBXBuildFile; fileRef = 9BD6C68D205B12F100E1DEAA /* ConversionViewController.swift */; };
/* End PBXBuildFile section */

/* Begin PBXContainerItemProxy section */
		9BC6794C2052172000000C60 /* PBXContainerItemProxy */ = {
			isa = PBXContainerItemProxy;
			containerPortal = 9BC6792F2052172000000C60 /* Project object */;
			proxyType = 1;
			remoteGlobalIDString = 9BC679362052172000000C60;
			remoteInfo = WorldTroter;
		};
		9BC679572052172000000C60 /* PBXContainerItemProxy */ = {
			isa = PBXContainerItemProxy;
			containerPortal = 9BC6792F2052172000000C60 /* Project object */;
			proxyType = 1;
			remoteGlobalIDString = 9BC679362052172000000C60;
			remoteInfo = WorldTroter;
		};
/* End PBXContainerItemProxy section */

/* Begin PBXFileReference section */
		9BC679372052172000000C60 /* WorldTroter.app */ = {isa = PBXFileReference; explicitFileType = wrapper.application; includeInIndex = 0; path = WorldTroter.app; sourceTree = BUILT_PRODUCTS_DIR; };
		9BC6793A2052172000000C60 /* AppDelegate.swift */ = {isa = PBXFileReference; lastKnownFileType = sourcecode.swift; path = AppDelegate.swift; sourceTree = "<group>"; };
		9BC6793F2052172000000C60 /* Base */ = {isa = PBXFileReference; lastKnownFileType = file.storyboard; name = Base; path = Base.lproj/Main.storyboard; sourceTree = "<group>"; };
		9BC679412052172000000C60 /* Assets.xcassets */ = {isa = PBXFileReference; lastKnownFileType = folder.assetcatalog; path = Assets.xcassets; sourceTree = "<group>"; };
		9BC679442052172000000C60 /* Base */ = {isa = PBXFileReference; lastKnownFileType = file.storyboard; name = Base; path = Base.lproj/LaunchScreen.storyboard; sourceTree = "<group>"; };
		9BC679462052172000000C60 /* Info.plist */ = {isa = PBXFileReference; lastKnownFileType = text.plist.xml; path = Info.plist; sourceTree = "<group>"; };
		9BC6794B2052172000000C60 /* WorldTroterTests.xctest */ = {isa = PBXFileReference; explicitFileType = wrapper.cfbundle; includeInIndex = 0; path = WorldTroterTests.xctest; sourceTree = BUILT_PRODUCTS_DIR; };
		9BC6794F2052172000000C60 /* WorldTroterTests.swift */ = {isa = PBXFileReference; lastKnownFileType = sourcecode.swift; path = WorldTroterTests.swift; sourceTree = "<group>"; };
		9BC679512052172000000C60 /* Info.plist */ = {isa = PBXFileReference; lastKnownFileType = text.plist.xml; path = Info.plist; sourceTree = "<group>"; };
		9BC679562052172000000C60 /* WorldTroterUITests.xctest */ = {isa = PBXFileReference; explicitFileType = wrapper.cfbundle; includeInIndex = 0; path = WorldTroterUITests.xctest; sourceTree = BUILT_PRODUCTS_DIR; };
		9BC6795A2052172000000C60 /* WorldTroterUITests.swift */ = {isa = PBXFileReference; lastKnownFileType = sourcecode.swift; path = WorldTroterUITests.swift; sourceTree = "<group>"; };
		9BC6795C2052172000000C60 /* Info.plist */ = {isa = PBXFileReference; lastKnownFileType = text.plist.xml; path = Info.plist; sourceTree = "<group>"; };
		9BD6C68D205B12F100E1DEAA /* ConversionViewController.swift */ = {isa = PBXFileReference; lastKnownFileType = sourcecode.swift; path = ConversionViewController.swift; sourceTree = "<group>"; };
/* End PBXFileReference section */

/* Begin PBXFrameworksBuildPhase section */
		9BC679342052172000000C60 /* Frameworks */ = {
			isa = PBXFrameworksBuildPhase;
			buildActionMask = 2147483647;
			files = (
			);
			runOnlyForDeploymentPostprocessing = 0;
		};
		9BC679482052172000000C60 /* Frameworks */ = {
			isa = PBXFrameworksBuildPhase;
			buildActionMask = 2147483647;
			files = (
			);
			runOnlyForDeploymentPostprocessing = 0;
		};
		9BC679532052172000000C60 /* Frameworks */ = {
			isa = PBXFrameworksBuildPhase;
			buildActionMask = 2147483647;
			files = (
			);
			runOnlyForDeploymentPostprocessing = 0;
		};
/* End PBXFrameworksBuildPhase section */

/* Begin PBXGroup section */
		9BC6792E2052172000000C60 = {
			isa = PBXGroup;
			children = (
				9BC679392052172000000C60 /* WorldTroter */,
				9BC6794E2052172000000C60 /* WorldTroterTests */,
				9BC679592052172000000C60 /* WorldTroterUITests */,
				9BC679382052172000000C60 /* Products */,
			);
			sourceTree = "<group>";
		};
		9BC679382052172000000C60 /* Products */ = {
			isa = PBXGroup;
			children = (
				9BC679372052172000000C60 /* WorldTroter.app */,
				9BC6794B2052172000000C60 /* WorldTroterTests.xctest */,
				9BC679562052172000000C60 /* WorldTroterUITests.xctest */,
			);
			name = Products;
			sourceTree = "<group>";
		};
		9BC679392052172000000C60 /* WorldTroter */ = {
			isa = PBXGroup;
			children = (
				9BC6793A2052172000000C60 /* AppDelegate.swift */,
				9BC6793E2052172000000C60 /* Main.storyboard */,
				9BC679412052172000000C60 /* Assets.xcassets */,
				9BC679432052172000000C60 /* LaunchScreen.storyboard */,
				9BC679462052172000000C60 /* Info.plist */,
				9BD6C68D205B12F100E1DEAA /* ConversionViewController.swift */,
			);
			path = WorldTroter;
			sourceTree = "<group>";
		};
		9BC6794E2052172000000C60 /* WorldTroterTests */ = {
			isa = PBXGroup;
			children = (
				9BC6794F2052172000000C60 /* WorldTroterTests.swift */,
				9BC679512052172000000C60 /* Info.plist */,
			);
			path = WorldTroterTests;
			sourceTree = "<group>";
		};
		9BC679592052172000000C60 /* WorldTroterUITests */ = {
			isa = PBXGroup;
			children = (
				9BC6795A2052172000000C60 /* WorldTroterUITests.swift */,
				9BC6795C2052172000000C60 /* Info.plist */,
			);
			path = WorldTroterUITests;
			sourceTree = "<group>";
		};
/* End PBXGroup section */

/* Begin PBXNativeTarget section */
		9BC679362052172000000C60 /* WorldTroter */ = {
			isa = PBXNativeTarget;
			buildConfigurationList = 9BC6795F2052172000000C60 /* Build configuration list for PBXNativeTarget "WorldTroter" */;
			buildPhases = (
				9BC679332052172000000C60 /* Sources */,
				9BC679342052172000000C60 /* Frameworks */,
				9BC679352052172000000C60 /* Resources */,
			);
			buildRules = (
			);
			dependencies = (
			);
			name = WorldTroter;
			productName = WorldTroter;
			productReference = 9BC679372052172000000C60 /* WorldTroter.app */;
			productType = "com.apple.product-type.application";
		};
		9BC6794A2052172000000C60 /* WorldTroterTests */ = {
			isa = PBXNativeTarget;
			buildConfigurationList = 9BC679622052172000000C60 /* Build configuration list for PBXNativeTarget "WorldTroterTests" */;
			buildPhases = (
				9BC679472052172000000C60 /* Sources */,
				9BC679482052172000000C60 /* Frameworks */,
				9BC679492052172000000C60 /* Resources */,
			);
			buildRules = (
			);
			dependencies = (
				9BC6794D2052172000000C60 /* PBXTargetDependency */,
			);
			name = WorldTroterTests;
			productName = WorldTroterTests;
			productReference = 9BC6794B2052172000000C60 /* WorldTroterTests.xctest */;
			productType = "com.apple.product-type.bundle.unit-test";
		};
		9BC679552052172000000C60 /* WorldTroterUITests */ = {
			isa = PBXNativeTarget;
			buildConfigurationList = 9BC679652052172000000C60 /* Build configuration list for PBXNativeTarget "WorldTroterUITests" */;
			buildPhases = (
				9BC679522052172000000C60 /* Sources */,
				9BC679532052172000000C60 /* Frameworks */,
				9BC679542052172000000C60 /* Resources */,
			);
			buildRules = (
			);
			dependencies = (
				9BC679582052172000000C60 /* PBXTargetDependency */,
			);
			name = WorldTroterUITests;
			productName = WorldTroterUITests;
			productReference = 9BC679562052172000000C60 /* WorldTroterUITests.xctest */;
			productType = "com.apple.product-type.bundle.ui-testing";
		};
/* End PBXNativeTarget section */

/* Begin PBXProject section */
		9BC6792F2052172000000C60 /* Project object */ = {
			isa = PBXProject;
			attributes = {
				LastSwiftUpdateCheck = 0920;
				LastUpgradeCheck = 0920;
				ORGANIZATIONNAME = "sofia delgado gonzalez";
				TargetAttributes = {
					9BC679362052172000000C60 = {
						CreatedOnToolsVersion = 9.2;
						ProvisioningStyle = Automatic;
					};
					9BC6794A2052172000000C60 = {
						CreatedOnToolsVersion = 9.2;
						ProvisioningStyle = Automatic;
						TestTargetID = 9BC679362052172000000C60;
					};
					9BC679552052172000000C60 = {
						CreatedOnToolsVersion = 9.2;
						ProvisioningStyle = Automatic;
						TestTargetID = 9BC679362052172000000C60;
					};
				};
			};
			buildConfigurationList = 9BC679322052172000000C60 /* Build configuration list for PBXProject "WorldTroter" */;
			compatibilityVersion = "Xcode 8.0";
			developmentRegion = en;
			hasScannedForEncodings = 0;
			knownRegions = (
				en,
				Base,
			);
			mainGroup = 9BC6792E2052172000000C60;
			productRefGroup = 9BC679382052172000000C60 /* Products */;
			projectDirPath = "";
			projectRoot = "";
			targets = (
				9BC679362052172000000C60 /* WorldTroter */,
				9BC6794A2052172000000C60 /* WorldTroterTests */,
				9BC679552052172000000C60 /* WorldTroterUITests */,
			);
		};
/* End PBXProject section */

/* Begin PBXResourcesBuildPhase section */
		9BC679352052172000000C60 /* Resources */ = {
			isa = PBXResourcesBuildPhase;
			buildActionMask = 2147483647;
			files = (
				9BC679452052172000000C60 /* LaunchScreen.storyboard in Resources */,
				9BC679422052172000000C60 /* Assets.xcassets in Resources */,
				9BC679402052172000000C60 /* Main.storyboard in Resources */,
			);
			runOnlyForDeploymentPostprocessing = 0;
		};
		9BC679492052172000000C60 /* Resources */ = {
			isa = PBXResourcesBuildPhase;
			buildActionMask = 2147483647;
			files = (
			);
			runOnlyForDeploymentPostprocessing = 0;
		};
		9BC679542052172000000C60 /* Resources */ = {
			isa = PBXResourcesBuildPhase;
			buildActionMask = 2147483647;
			files = (
			);
			runOnlyForDeploymentPostprocessing = 0;
		};
/* End PBXResourcesBuildPhase section */

/* Begin PBXSourcesBuildPhase section */
		9BC679332052172000000C60 /* Sources */ = {
			isa = PBXSourcesBuildPhase;
			buildActionMask = 2147483647;
			files = (
				9BD6C68E205B12F100E1DEAA /* ConversionViewController.swift in Sources */,
				9BC6793B2052172000000C60 /* AppDelegate.swift in Sources */,
			);
			runOnlyForDeploymentPostprocessing = 0;
		};
		9BC679472052172000000C60 /* Sources */ = {
			isa = PBXSourcesBuildPhase;
			buildActionMask = 2147483647;
			files = (
				9BC679502052172000000C60 /* WorldTroterTests.swift in Sources */,
			);
			runOnlyForDeploymentPostprocessing = 0;
		};
		9BC679522052172000000C60 /* Sources */ = {
			isa = PBXSourcesBuildPhase;
			buildActionMask = 2147483647;
			files = (
				9BC6795B2052172000000C60 /* WorldTroterUITests.swift in Sources */,
			);
			runOnlyForDeploymentPostprocessing = 0;
		};
/* End PBXSourcesBuildPhase section */

/* Begin PBXTargetDependency section */
		9BC6794D2052172000000C60 /* PBXTargetDependency */ = {
			isa = PBXTargetDependency;
			target = 9BC679362052172000000C60 /* WorldTroter */;
			targetProxy = 9BC6794C2052172000000C60 /* PBXContainerItemProxy */;
		};
		9BC679582052172000000C60 /* PBXTargetDependency */ = {
			isa = PBXTargetDependency;
			target = 9BC679362052172000000C60 /* WorldTroter */;
			targetProxy = 9BC679572052172000000C60 /* PBXContainerItemProxy */;
		};
/* End PBXTargetDependency section */

/* Begin PBXVariantGroup section */
		9BC6793E2052172000000C60 /* Main.storyboard */ = {
			isa = PBXVariantGroup;
			children = (
				9BC6793F2052172000000C60 /* Base */,
			);
			name = Main.storyboard;
			sourceTree = "<group>";
		};
		9BC679432052172000000C60 /* LaunchScreen.storyboard */ = {
			isa = PBXVariantGroup;
			children = (
				9BC679442052172000000C60 /* Base */,
			);
			name = LaunchScreen.storyboard;
			sourceTree = "<group>";
		};
/* End PBXVariantGroup section */

/* Begin XCBuildConfiguration section */
		9BC6795D2052172000000C60 /* Debug */ = {
			isa = XCBuildConfiguration;
			buildSettings = {
				ALWAYS_SEARCH_USER_PATHS = NO;
				CLANG_ANALYZER_NONNULL = YES;
				CLANG_ANALYZER_NUMBER_OBJECT_CONVERSION = YES_AGGRESSIVE;
				CLANG_CXX_LANGUAGE_STANDARD = "gnu++14";
				CLANG_CXX_LIBRARY = "libc++";
				CLANG_ENABLE_MODULES = YES;
				CLANG_ENABLE_OBJC_ARC = YES;
				CLANG_WARN_BLOCK_CAPTURE_AUTORELEASING = YES;
				CLANG_WARN_BOOL_CONVERSION = YES;
				CLANG_WARN_COMMA = YES;
				CLANG_WARN_CONSTANT_CONVERSION = YES;
				CLANG_WARN_DIRECT_OBJC_ISA_USAGE = YES_ERROR;
				CLANG_WARN_DOCUMENTATION_COMMENTS = YES;
				CLANG_WARN_EMPTY_BODY = YES;
				CLANG_WARN_ENUM_CONVERSION = YES;
				CLANG_WARN_INFINITE_RECURSION = YES;
				CLANG_WARN_INT_CONVERSION = YES;
				CLANG_WARN_NON_LITERAL_NULL_CONVERSION = YES;
				CLANG_WARN_OBJC_LITERAL_CONVERSION = YES;
				CLANG_WARN_OBJC_ROOT_CLASS = YES_ERROR;
				CLANG_WARN_RANGE_LOOP_ANALYSIS = YES;
				CLANG_WARN_STRICT_PROTOTYPES = YES;
				CLANG_WARN_SUSPICIOUS_MOVE = YES;
				CLANG_WARN_UNGUARDED_AVAILABILITY = YES_AGGRESSIVE;
				CLANG_WARN_UNREACHABLE_CODE = YES;
				CLANG_WARN__DUPLICATE_METHOD_MATCH = YES;
				CODE_SIGN_IDENTITY = "iPhone Developer";
				COPY_PHASE_STRIP = NO;
				DEBUG_INFORMATION_FORMAT = dwarf;
				ENABLE_STRICT_OBJC_MSGSEND = YES;
				ENABLE_TESTABILITY = YES;
				GCC_C_LANGUAGE_STANDARD = gnu11;
				GCC_DYNAMIC_NO_PIC = NO;
				GCC_NO_COMMON_BLOCKS = YES;
				GCC_OPTIMIZATION_LEVEL = 0;
				GCC_PREPROCESSOR_DEFINITIONS = (
					"DEBUG=1",
					"$(inherited)",
				);
				GCC_WARN_64_TO_32_BIT_CONVERSION = YES;
				GCC_WARN_ABOUT_RETURN_TYPE = YES_ERROR;
				GCC_WARN_UNDECLARED_SELECTOR = YES;
				GCC_WARN_UNINITIALIZED_AUTOS = YES_AGGRESSIVE;
				GCC_WARN_UNUSED_FUNCTION = YES;
				GCC_WARN_UNUSED_VARIABLE = YES;
				IPHONEOS_DEPLOYMENT_TARGET = 11.2;
				MTL_ENABLE_DEBUG_INFO = YES;
				ONLY_ACTIVE_ARCH = YES;
				SDKROOT = iphoneos;
				SWIFT_ACTIVE_COMPILATION_CONDITIONS = DEBUG;
				SWIFT_OPTIMIZATION_LEVEL = "-Onone";
			};
			name = Debug;
		};
		9BC6795E2052172000000C60 /* Release */ = {
			isa = XCBuildConfiguration;
			buildSettings = {
				ALWAYS_SEARCH_USER_PATHS = NO;
				CLANG_ANALYZER_NONNULL = YES;
				CLANG_ANALYZER_NUMBER_OBJECT_CONVERSION = YES_AGGRESSIVE;
				CLANG_CXX_LANGUAGE_STANDARD = "gnu++14";
				CLANG_CXX_LIBRARY = "libc++";
				CLANG_ENABLE_MODULES = YES;
				CLANG_ENABLE_OBJC_ARC = YES;
				CLANG_WARN_BLOCK_CAPTURE_AUTORELEASING = YES;
				CLANG_WARN_BOOL_CONVERSION = YES;
				CLANG_WARN_COMMA = YES;
				CLANG_WARN_CONSTANT_CONVERSION = YES;
				CLANG_WARN_DIRECT_OBJC_ISA_USAGE = YES_ERROR;
				CLANG_WARN_DOCUMENTATION_COMMENTS = YES;
				CLANG_WARN_EMPTY_BODY = YES;
				CLANG_WARN_ENUM_CONVERSION = YES;
				CLANG_WARN_INFINITE_RECURSION = YES;
				CLANG_WARN_INT_CONVERSION = YES;
				CLANG_WARN_NON_LITERAL_NULL_CONVERSION = YES;
				CLANG_WARN_OBJC_LITERAL_CONVERSION = YES;
				CLANG_WARN_OBJC_ROOT_CLASS = YES_ERROR;
				CLANG_WARN_RANGE_LOOP_ANALYSIS = YES;
				CLANG_WARN_STRICT_PROTOTYPES = YES;
				CLANG_WARN_SUSPICIOUS_MOVE = YES;
				CLANG_WARN_UNGUARDED_AVAILABILITY = YES_AGGRESSIVE;
				CLANG_WARN_UNREACHABLE_CODE = YES;
				CLANG_WARN__DUPLICATE_METHOD_MATCH = YES;
				CODE_SIGN_IDENTITY = "iPhone Developer";
				COPY_PHASE_STRIP = NO;
				DEBUG_INFORMATION_FORMAT = "dwarf-with-dsym";
				ENABLE_NS_ASSERTIONS = NO;
				ENABLE_STRICT_OBJC_MSGSEND = YES;
				GCC_C_LANGUAGE_STANDARD = gnu11;
				GCC_NO_COMMON_BLOCKS = YES;
				GCC_WARN_64_TO_32_BIT_CONVERSION = YES;
				GCC_WARN_ABOUT_RETURN_TYPE = YES_ERROR;
				GCC_WARN_UNDECLARED_SELECTOR = YES;
				GCC_WARN_UNINITIALIZED_AUTOS = YES_AGGRESSIVE;
				GCC_WARN_UNUSED_FUNCTION = YES;
				GCC_WARN_UNUSED_VARIABLE = YES;
				IPHONEOS_DEPLOYMENT_TARGET = 11.2;
				MTL_ENABLE_DEBUG_INFO = NO;
				SDKROOT = iphoneos;
				SWIFT_OPTIMIZATION_LEVEL = "-Owholemodule";
				VALIDATE_PRODUCT = YES;
			};
			name = Release;
		};
		9BC679602052172000000C60 /* Debug */ = {
			isa = XCBuildConfiguration;
			buildSettings = {
				ASSETCATALOG_COMPILER_APPICON_NAME = AppIcon;
				CODE_SIGN_STYLE = Automatic;
				INFOPLIST_FILE = WorldTroter/Info.plist;
				LD_RUNPATH_SEARCH_PATHS = "$(inherited) @executable_path/Frameworks";
				PRODUCT_BUNDLE_IDENTIFIER = dsdg.WorldTroter;
				PRODUCT_NAME = "$(TARGET_NAME)";
				SWIFT_VERSION = 4.0;
				TARGETED_DEVICE_FAMILY = "1,2";
			};
			name = Debug;
		};
		9BC679612052172000000C60 /* Release */ = {
			isa = XCBuildConfiguration;
			buildSettings = {
				ASSETCATALOG_COMPILER_APPICON_NAME = AppIcon;
				CODE_SIGN_STYLE = Automatic;
				INFOPLIST_FILE = WorldTroter/Info.plist;
				LD_RUNPATH_SEARCH_PATHS = "$(inherited) @executable_path/Frameworks";
				PRODUCT_BUNDLE_IDENTIFIER = dsdg.WorldTroter;
				PRODUCT_NAME = "$(TARGET_NAME)";
				SWIFT_VERSION = 4.0;
				TARGETED_DEVICE_FAMILY = "1,2";
			};
			name = Release;
		};
		9BC679632052172000000C60 /* Debug */ = {
			isa = XCBuildConfiguration;
			buildSettings = {
				ALWAYS_EMBED_SWIFT_STANDARD_LIBRARIES = YES;
				BUNDLE_LOADER = "$(TEST_HOST)";
				CODE_SIGN_STYLE = Automatic;
				INFOPLIST_FILE = WorldTroterTests/Info.plist;
				LD_RUNPATH_SEARCH_PATHS = "$(inherited) @executable_path/Frameworks @loader_path/Frameworks";
				PRODUCT_BUNDLE_IDENTIFIER = dsdg.WorldTroterTests;
				PRODUCT_NAME = "$(TARGET_NAME)";
				SWIFT_VERSION = 4.0;
				TARGETED_DEVICE_FAMILY = "1,2";
				TEST_HOST = "$(BUILT_PRODUCTS_DIR)/WorldTroter.app/WorldTroter";
			};
			name = Debug;
		};
		9BC679642052172000000C60 /* Release */ = {
			isa = XCBuildConfiguration;
			buildSettings = {
				ALWAYS_EMBED_SWIFT_STANDARD_LIBRARIES = YES;
				BUNDLE_LOADER = "$(TEST_HOST)";
				CODE_SIGN_STYLE = Automatic;
				INFOPLIST_FILE = WorldTroterTests/Info.plist;
				LD_RUNPATH_SEARCH_PATHS = "$(inherited) @executable_path/Frameworks @loader_path/Frameworks";
				PRODUCT_BUNDLE_IDENTIFIER = dsdg.WorldTroterTests;
				PRODUCT_NAME = "$(TARGET_NAME)";
				SWIFT_VERSION = 4.0;
				TARGETED_DEVICE_FAMILY = "1,2";
				TEST_HOST = "$(BUILT_PRODUCTS_DIR)/WorldTroter.app/WorldTroter";
			};
			name = Release;
		};
		9BC679662052172000000C60 /* Debug */ = {
			isa = XCBuildConfiguration;
			buildSettings = {
				ALWAYS_EMBED_SWIFT_STANDARD_LIBRARIES = YES;
				CODE_SIGN_STYLE = Automatic;
				INFOPLIST_FILE = WorldTroterUITests/Info.plist;
				LD_RUNPATH_SEARCH_PATHS = "$(inherited) @executable_path/Frameworks @loader_path/Frameworks";
				PRODUCT_BUNDLE_IDENTIFIER = dsdg.WorldTroterUITests;
				PRODUCT_NAME = "$(TARGET_NAME)";
				SWIFT_VERSION = 4.0;
				TARGETED_DEVICE_FAMILY = "1,2";
				TEST_TARGET_NAME = WorldTroter;
			};
			name = Debug;
		};
		9BC679672052172000000C60 /* Release */ = {
			isa = XCBuildConfiguration;
			buildSettings = {
				ALWAYS_EMBED_SWIFT_STANDARD_LIBRARIES = YES;
				CODE_SIGN_STYLE = Automatic;
				INFOPLIST_FILE = WorldTroterUITests/Info.plist;
				LD_RUNPATH_SEARCH_PATHS = "$(inherited) @executable_path/Frameworks @loader_path/Frameworks";
				PRODUCT_BUNDLE_IDENTIFIER = dsdg.WorldTroterUITests;
				PRODUCT_NAME = "$(TARGET_NAME)";
				SWIFT_VERSION = 4.0;
				TARGETED_DEVICE_FAMILY = "1,2";
				TEST_TARGET_NAME = WorldTroter;
			};
			name = Release;
		};
/* End XCBuildConfiguration section */

/* Begin XCConfigurationList section */
		9BC679322052172000000C60 /* Build configuration list for PBXProject "WorldTroter" */ = {
			isa = XCConfigurationList;
			buildConfigurations = (
				9BC6795D2052172000000C60 /* Debug */,
				9BC6795E2052172000000C60 /* Release */,
			);
			defaultConfigurationIsVisible = 0;
			defaultConfigurationName = Release;
		};
		9BC6795F2052172000000C60 /* Build configuration list for PBXNativeTarget "WorldTroter" */ = {
			isa = XCConfigurationList;
			buildConfigurations = (
				9BC679602052172000000C60 /* Debug */,
				9BC679612052172000000C60 /* Release */,
			);
			defaultConfigurationIsVisible = 0;
			defaultConfigurationName = Release;
		};
		9BC679622052172000000C60 /* Build configuration list for PBXNativeTarget "WorldTroterTests" */ = {
			isa = XCConfigurationList;
			buildConfigurations = (
				9BC679632052172000000C60 /* Debug */,
				9BC679642052172000000C60 /* Release */,
			);
			defaultConfigurationIsVisible = 0;
			defaultConfigurationName = Release;
		};
		9BC679652052172000000C60 /* Build configuration list for PBXNativeTarget "WorldTroterUITests" */ = {
			isa = XCConfigurationList;
			buildConfigurations = (
				9BC679662052172000000C60 /* Debug */,
				9BC679672052172000000C60 /* Release */,
			);
			defaultConfigurationIsVisible = 0;
			defaultConfigurationName = Release;
		};
/* End XCConfigurationList section */
	};
	rootObject = 9BC6792F2052172000000C60 /* Project object */;
}
